<?xml version="1.0" encoding="UTF-8" standalone="yes" ?>
<CodeBlocks_project_file>
	<FileVersion major="1" minor="6" />
	<Project>
		<Option title="SimpleGUI" />
		<Option pch_mode="2" />
		<Option compiler="gcc" />
		<Build>
			<Target title="Debug">
				<Option output="../../Output/bin/Debug/SimpleGUI" prefix_auto="1" extension_auto="1" />
				<Option object_output="../../Output/obj/Debug/" />
				<Option type="0" />
				<Option compiler="gcc" />
				<Option projectLinkerOptionsRelation="2" />
				<Compiler>
					<Add option="-std=c++11" />
					<Add option="-g" />
					<Add directory="$(#wx31)/lib/gcc_dll/mswu" />
				</Compiler>
				<ResourceCompiler>
					<Add directory="$(#wx31)/lib/gcc_dll/mswu" />
				</ResourceCompiler>
				<Linker>
					<Add library="libwxmsw31u.a" />
					<Add directory="$(#wx31)/lib/gcc_dll" />
				</Linker>
			</Target>
			<Target title="Release">
				<Option output="../../Output/bin/Release/SimpleGUI" prefix_auto="1" extension_auto="1" />
				<Option object_output="../../Output/obj/Release/" />
				<Option type="0" />
				<Option compiler="gcc" />
				<Option projectLinkerOptionsRelation="2" />
				<Compiler>
					<Add option="-O2" />
					<Add directory="$(#wx31)/lib/gcc_dll/mswu" />
				</Compiler>
				<ResourceCompiler>
					<Add directory="$(#wx31)/lib/gcc_dll/mswu" />
				</ResourceCompiler>
				<Linker>
					<Add option="-s" />
					<Add library="libwxmsw31u.a" />
					<Add directory="$(#wx31)/lib/gcc_dll" />
				</Linker>
			</Target>
		</Build>
		<Compiler>
			<Add option="-Wall" />
			<Add option="-pipe" />
			<Add option="-mthreads" />
			<Add option="-D__GNUWIN32__" />
			<Add option="-D__WXMSW__" />
			<Add option="-DWXUSINGDLL" />
			<Add option="-DwxUSE_UNICODE" />
			<Add option="-D_SIMPLE_GUI_ENABLE_ICONV_GB2312_" />
			<Add option="-D_SIMPLE_GUI_ENABLE_SIMULATOR_" />
			<Add option="-D_SIMPLE_GUI_ENABLE_DYNAMIC_MEMORY_" />
			<Add directory="$(#wx31)/include" />
			<Add directory="../../Frame/inc" />
			<Add directory="../../User/inc" />
			<Add directory="../../GUI/inc" />
			<Add directory="../../Library/inc" />
			<Add directory="../../HMI/inc" />
		</Compiler>
		<ResourceCompiler>
			<Add directory="$(#wx31)/include" />
		</ResourceCompiler>
		<Linker>
			<Add option="-mthreads" />
			<Add library="../../Library/lib/libiconv.a" />
		</Linker>
		<Unit filename="../../Frame/inc/LCD_Application.h" />
		<Unit filename="../../Frame/inc/LCD_OperationIF.h" />
		<Unit filename="../../Frame/inc/LCD_VirtualDevice.h" />
		<Unit filename="../../Frame/inc/LCD_VirtualDeviceParameter.h" />
		<Unit filename="../../Frame/src/LCD_Application.cpp" />
		<Unit filename="../../Frame/src/LCD_OperationIF.c">
			<Option compilerVar="CC" />
		</Unit>
		<Unit filename="../../Frame/src/LCD_VirtualDevice.cpp" />
		<Unit filename="../../GUI/inc/SGUI_Basic.h" />
		<Unit filename="../../GUI/inc/SGUI_Common.h" />
		<Unit filename="../../GUI/inc/SGUI_Frame.h">
			<Option target="&lt;{~None~}&gt;" />
		</Unit>
		<Unit filename="../../GUI/inc/SGUI_Graph.h">
			<Option target="&lt;{~None~}&gt;" />
		</Unit>
		<Unit filename="../../GUI/inc/SGUI_List.h" />
		<Unit filename="../../GUI/inc/SGUI_Notice.h" />
		<Unit filename="../../GUI/inc/SGUI_ProcessBar.h" />
		<Unit filename="../../GUI/inc/SGUI_ScrollBar.h" />
		<Unit filename="../../GUI/inc/SGUI_Text.h" />
		<Unit filename="../../GUI/inc/SGUI_Typedef.h" />
		<Unit filename="../../GUI/inc/SGUI_VariableBox.h" />
		<Unit filename="../../GUI/src/SGUI_Basic.c">
			<Option compilerVar="CC" />
		</Unit>
		<Unit filename="../../GUI/src/SGUI_Common.c">
			<Option compilerVar="CC" />
		</Unit>
		<Unit filename="../../GUI/src/SGUI_FlashData.c">
			<Option compilerVar="CC" />
		</Unit>
		<Unit filename="../../GUI/src/SGUI_Frame.c">
			<Option compilerVar="CC" />
		</Unit>
		<Unit filename="../../GUI/src/SGUI_Graph.c">
			<Option compilerVar="CC" />
		</Unit>
		<Unit filename="../../GUI/src/SGUI_List.c">
			<Option compilerVar="CC" />
		</Unit>
		<Unit filename="../../GUI/src/SGUI_Notice.c">
			<Option compilerVar="CC" />
		</Unit>
		<Unit filename="../../GUI/src/SGUI_ProcessBar.c">
			<Option compilerVar="CC" />
		</Unit>
		<Unit filename="../../GUI/src/SGUI_ScrollBar.c">
			<Option compilerVar="CC" />
		</Unit>
		<Unit filename="../../GUI/src/SGUI_Text.c">
			<Option compilerVar="CC" />
		</Unit>
		<Unit filename="../../GUI/src/SGUI_VariableBox.c">
			<Option compilerVar="CC" />
		</Unit>
		<Unit filename="../../HMI/inc/HMI_Data.h" />
		<Unit filename="../../HMI/inc/HMI_Demo01_Text.h" />
		<Unit filename="../../HMI/inc/HMI_Demo02_List.h" />
		<Unit filename="../../HMI/inc/HMI_Demo03_Notice1.h" />
		<Unit filename="../../HMI/inc/HMI_Demo03_Notice2.h" />
		<Unit filename="../../HMI/inc/HMI_Demo04_Graph.h" />
		<Unit filename="../../HMI/inc/HMI_Demo05_VariableBox.h" />
		<Unit filename="../../HMI/inc/HMI_Process.h" />
		<Unit filename="../../HMI/src/HMI_Data.c">
			<Option compilerVar="CC" />
		</Unit>
		<Unit filename="../../HMI/src/HMI_Demo01_Text.c">
			<Option compilerVar="CC" />
		</Unit>
		<Unit filename="../../HMI/src/HMI_Demo02_List.c">
			<Option compilerVar="CC" />
		</Unit>
		<Unit filename="../../HMI/src/HMI_Demo03_Notice1.c">
			<Option compilerVar="CC" />
		</Unit>
		<Unit filename="../../HMI/src/HMI_Demo03_Notice2.c">
			<Option compilerVar="CC" />
		</Unit>
		<Unit filename="../../HMI/src/HMI_Demo04_Graph.c">
			<Option compilerVar="CC" />
		</Unit>
		<Unit filename="../../HMI/src/HMI_Demo05_VariableBox.c">
			<Option compilerVar="CC" />
		</Unit>
		<Unit filename="../../HMI/src/HMI_Procecss.c">
			<Option compilerVar="CC" />
		</Unit>
		<Unit filename="../../Resource/Resource.rc">
			<Option compilerVar="WINDRES" />
		</Unit>
		<Unit filename="../../User/inc/UserAction.h" />
		<Unit filename="../../User/src/UserAction.c">
			<Option compilerVar="CC" />
		</Unit>
		<Unit filename="HMI_Data.h" />
		<Extensions>
			<code_completion />
			<envvars />
			<debugger />
		</Extensions>
	</Project>
</CodeBlocks_project_file>
